{
  "name": "@indra.ai/docsdeva",
  "version": "0.0.18",
  "lockfileVersion": 3,
  "requires": true,
  "packages": {
    "": {
      "name": "@indra.ai/docsdeva",
      "version": "0.0.18",
      "license": "MIT",
      "dependencies": {
        "@indra.ai/deva": "^1.1.92"
      }
    },
    "node_modules/@indra.ai/deva": {
      "version": "1.1.92",
      "resolved": "https://registry.npmjs.org/@indra.ai/deva/-/deva-1.1.92.tgz",
      "integrity": "sha512-Swi6hSINg1EDd6cOKD142lmM6pvnDzkNBKQQM7EcYMqfioLAmqB6nQbQwKNJrcVdebLJZfzGr8eBtpNvNtgbqQ==",
      "engines": {
        "node": ">=10.0.0",
        "npm": ">=6.0.0"
      }
    }
  }
}
